// !$*UTF8*$!
{
	archiveVersion = 1;
	classes = {
	};
	objectVersion = 52;
	objects = {

/* Begin PBXBuildFile section */
		A40EB3D926692D1D004116DC /* Models.swift in Sources */ = {isa = PBXBuildFile; fileRef = A40EB3D826692D1D004116DC /* Models.swift */; };
		A40EB3DB266932F1004116DC /* TopGamesView.swift in Sources */ = {isa = PBXBuildFile; fileRef = A40EB3DA266932F1004116DC /* TopGamesView.swift */; };
		A449FC312666263C00D9CD47 /* VGSmasherApp.swift in Sources */ = {isa = PBXBuildFile; fileRef = A449FC302666263C00D9CD47 /* VGSmasherApp.swift */; };
		A449FC332666263C00D9CD47 /* ContentView.swift in Sources */ = {isa = PBXBuildFile; fileRef = A449FC322666263C00D9CD47 /* ContentView.swift */; };
		A449FC352666263E00D9CD47 /* Assets.xcassets in Resources */ = {isa = PBXBuildFile; fileRef = A449FC342666263E00D9CD47 /* Assets.xcassets */; };
		A449FC382666263E00D9CD47 /* Preview Assets.xcassets in Resources */ = {isa = PBXBuildFile; fileRef = A449FC372666263E00D9CD47 /* Preview Assets.xcassets */; };
		A45B67752668CB21000DE4ED /* LoginView.swift in Sources */ = {isa = PBXBuildFile; fileRef = A45B67742668CB21000DE4ED /* LoginView.swift */; };
		A45B67782668CE6C000DE4ED /* RegistrationView.swift in Sources */ = {isa = PBXBuildFile; fileRef = A45B67772668CE6C000DE4ED /* RegistrationView.swift */; };
		A494B954266BE81E006F1CDA /* URLImage.swift in Sources */ = {isa = PBXBuildFile; fileRef = A494B953266BE81E006F1CDA /* URLImage.swift */; };
		A494B957266CF23D006F1CDA /* Alamofire in Frameworks */ = {isa = PBXBuildFile; productRef = A494B956266CF23D006F1CDA /* Alamofire */; };
		A4F00C182666A71000A35F27 /* RootView.swift in Sources */ = {isa = PBXBuildFile; fileRef = A4F00C172666A71000A35F27 /* RootView.swift */; };
		A4F00C1E2666A94A00A35F27 /* WelcomeView.swift in Sources */ = {isa = PBXBuildFile; fileRef = A4F00C1D2666A94A00A35F27 /* WelcomeView.swift */; };
		A4F00C202666A96800A35F27 /* UserFormView.swift in Sources */ = {isa = PBXBuildFile; fileRef = A4F00C1F2666A96800A35F27 /* UserFormView.swift */; };
		A4F00C222666A98000A35F27 /* NewsView.swift in Sources */ = {isa = PBXBuildFile; fileRef = A4F00C212666A98000A35F27 /* NewsView.swift */; };
		A4F00C242666A98D00A35F27 /* GameView.swift in Sources */ = {isa = PBXBuildFile; fileRef = A4F00C232666A98D00A35F27 /* GameView.swift */; };
		A4F00C262666AA0300A35F27 /* AccountView.swift in Sources */ = {isa = PBXBuildFile; fileRef = A4F00C252666AA0300A35F27 /* AccountView.swift */; };
		A4F00C2A2666AB7E00A35F27 /* ViewRouter.swift in Sources */ = {isa = PBXBuildFile; fileRef = A4F00C292666AB7E00A35F27 /* ViewRouter.swift */; };
		A4F00C2E2666B36500A35F27 /* TabbedView.swift in Sources */ = {isa = PBXBuildFile; fileRef = A4F00C2D2666B36500A35F27 /* TabbedView.swift */; };
		A4F00C352667A98F00A35F27 /* Utils.swift in Sources */ = {isa = PBXBuildFile; fileRef = A4F00C342667A98F00A35F27 /* Utils.swift */; };
		A4F00C382667B57400A35F27 /* DataSource.swift in Sources */ = {isa = PBXBuildFile; fileRef = A4F00C372667B57400A35F27 /* DataSource.swift */; };
/* End PBXBuildFile section */

/* Begin PBXFileReference section */
		A40EB3D826692D1D004116DC /* Models.swift */ = {isa = PBXFileReference; lastKnownFileType = sourcecode.swift; path = Models.swift; sourceTree = "<group>"; };
		A40EB3DA266932F1004116DC /* TopGamesView.swift */ = {isa = PBXFileReference; lastKnownFileType = sourcecode.swift; path = TopGamesView.swift; sourceTree = "<group>"; };
		A449FC2D2666263C00D9CD47 /* VGSmasher.app */ = {isa = PBXFileReference; explicitFileType = wrapper.application; includeInIndex = 0; path = VGSmasher.app; sourceTree = BUILT_PRODUCTS_DIR; };
		A449FC302666263C00D9CD47 /* VGSmasherApp.swift */ = {isa = PBXFileReference; lastKnownFileType = sourcecode.swift; path = VGSmasherApp.swift; sourceTree = "<group>"; };
		A449FC322666263C00D9CD47 /* ContentView.swift */ = {isa = PBXFileReference; lastKnownFileType = sourcecode.swift; path = ContentView.swift; sourceTree = "<group>"; };
		A449FC342666263E00D9CD47 /* Assets.xcassets */ = {isa = PBXFileReference; lastKnownFileType = folder.assetcatalog; path = Assets.xcassets; sourceTree = "<group>"; };
		A449FC372666263E00D9CD47 /* Preview Assets.xcassets */ = {isa = PBXFileReference; lastKnownFileType = folder.assetcatalog; path = "Preview Assets.xcassets"; sourceTree = "<group>"; };
		A449FC392666263E00D9CD47 /* Info.plist */ = {isa = PBXFileReference; lastKnownFileType = text.plist.xml; path = Info.plist; sourceTree = "<group>"; };
		A45B67742668CB21000DE4ED /* LoginView.swift */ = {isa = PBXFileReference; lastKnownFileType = sourcecode.swift; path = LoginView.swift; sourceTree = "<group>"; };
		A45B67772668CE6C000DE4ED /* RegistrationView.swift */ = {isa = PBXFileReference; lastKnownFileType = sourcecode.swift; path = RegistrationView.swift; sourceTree = "<group>"; };
		A494B953266BE81E006F1CDA /* URLImage.swift */ = {isa = PBXFileReference; lastKnownFileType = sourcecode.swift; path = URLImage.swift; sourceTree = "<group>"; };
		A4F00C172666A71000A35F27 /* RootView.swift */ = {isa = PBXFileReference; lastKnownFileType = sourcecode.swift; path = RootView.swift; sourceTree = "<group>"; };
		A4F00C1D2666A94A00A35F27 /* WelcomeView.swift */ = {isa = PBXFileReference; lastKnownFileType = sourcecode.swift; path = WelcomeView.swift; sourceTree = "<group>"; };
		A4F00C1F2666A96800A35F27 /* UserFormView.swift */ = {isa = PBXFileReference; lastKnownFileType = sourcecode.swift; path = UserFormView.swift; sourceTree = "<group>"; };
		A4F00C212666A98000A35F27 /* NewsView.swift */ = {isa = PBXFileReference; lastKnownFileType = sourcecode.swift; path = NewsView.swift; sourceTree = "<group>"; };
		A4F00C232666A98D00A35F27 /* GameView.swift */ = {isa = PBXFileReference; lastKnownFileType = sourcecode.swift; path = GameView.swift; sourceTree = "<group>"; };
		A4F00C252666AA0300A35F27 /* AccountView.swift */ = {isa = PBXFileReference; lastKnownFileType = sourcecode.swift; path = AccountView.swift; sourceTree = "<group>"; };
		A4F00C292666AB7E00A35F27 /* ViewRouter.swift */ = {isa = PBXFileReference; lastKnownFileType = sourcecode.swift; path = ViewRouter.swift; sourceTree = "<group>"; };
		A4F00C2D2666B36500A35F27 /* TabbedView.swift */ = {isa = PBXFileReference; lastKnownFileType = sourcecode.swift; path = TabbedView.swift; sourceTree = "<group>"; };
		A4F00C342667A98F00A35F27 /* Utils.swift */ = {isa = PBXFileReference; lastKnownFileType = sourcecode.swift; path = Utils.swift; sourceTree = "<group>"; };
		A4F00C372667B57400A35F27 /* DataSource.swift */ = {isa = PBXFileReference; lastKnownFileType = sourcecode.swift; path = DataSource.swift; sourceTree = "<group>"; };
/* End PBXFileReference section */

/* Begin PBXFrameworksBuildPhase section */
		A449FC2A2666263C00D9CD47 /* Frameworks */ = {
			isa = PBXFrameworksBuildPhase;
			buildActionMask = 2147483647;
			files = (
				A494B957266CF23D006F1CDA /* Alamofire in Frameworks */,
			);
			runOnlyForDeploymentPostprocessing = 0;
		};
/* End PBXFrameworksBuildPhase section */

/* Begin PBXGroup section */
		A40EB3D726692D0B004116DC /* Models */ = {
			isa = PBXGroup;
			children = (
				A40EB3D826692D1D004116DC /* Models.swift */,
			);
			path = Models;
			sourceTree = "<group>";
		};
		A449FC242666263C00D9CD47 = {
			isa = PBXGroup;
			children = (
				A449FC2F2666263C00D9CD47 /* VGSmasher */,
				A449FC2E2666263C00D9CD47 /* Products */,
			);
			sourceTree = "<group>";
		};
		A449FC2E2666263C00D9CD47 /* Products */ = {
			isa = PBXGroup;
			children = (
				A449FC2D2666263C00D9CD47 /* VGSmasher.app */,
			);
			name = Products;
			sourceTree = "<group>";
		};
		A449FC2F2666263C00D9CD47 /* VGSmasher */ = {
			isa = PBXGroup;
			children = (
				A40EB3D726692D0B004116DC /* Models */,
				A4F00C362667B55C00A35F27 /* Data */,
				A4F00C332667A96E00A35F27 /* Utils */,
				A4F00C162666A6F600A35F27 /* Views */,
				A449FC302666263C00D9CD47 /* VGSmasherApp.swift */,
				A449FC322666263C00D9CD47 /* ContentView.swift */,
				A449FC342666263E00D9CD47 /* Assets.xcassets */,
				A449FC392666263E00D9CD47 /* Info.plist */,
				A449FC362666263E00D9CD47 /* Preview Content */,
			);
			path = VGSmasher;
			sourceTree = "<group>";
		};
		A449FC362666263E00D9CD47 /* Preview Content */ = {
			isa = PBXGroup;
			children = (
				A449FC372666263E00D9CD47 /* Preview Assets.xcassets */,
			);
			path = "Preview Content";
			sourceTree = "<group>";
		};
		A45B67762668CE55000DE4ED /* Registration */ = {
			isa = PBXGroup;
			children = (
				A45B67772668CE6C000DE4ED /* RegistrationView.swift */,
			);
			path = Registration;
			sourceTree = "<group>";
		};
		A4F00C162666A6F600A35F27 /* Views */ = {
			isa = PBXGroup;
			children = (
				A4F00C282666AB4500A35F27 /* Navigation */,
				A4F00C272666AA0A00A35F27 /* Forms */,
				A4F00C1C2666A92600A35F27 /* Welcome */,
				A4F00C1B2666A90E00A35F27 /* Account */,
				A4F00C1A2666A90300A35F27 /* News */,
				A4F00C192666A8E500A35F27 /* Games */,
			);
			path = Views;
			sourceTree = "<group>";
		};
		A4F00C192666A8E500A35F27 /* Games */ = {
			isa = PBXGroup;
			children = (
				A40EB3DA266932F1004116DC /* TopGamesView.swift */,
				A4F00C232666A98D00A35F27 /* GameView.swift */,
			);
			path = Games;
			sourceTree = "<group>";
		};
		A4F00C1A2666A90300A35F27 /* News */ = {
			isa = PBXGroup;
			children = (
				A4F00C212666A98000A35F27 /* NewsView.swift */,
			);
			path = News;
			sourceTree = "<group>";
		};
		A4F00C1B2666A90E00A35F27 /* Account */ = {
			isa = PBXGroup;
			children = (
				A4F00C252666AA0300A35F27 /* AccountView.swift */,
			);
			path = Account;
			sourceTree = "<group>";
		};
		A4F00C1C2666A92600A35F27 /* Welcome */ = {
			isa = PBXGroup;
			children = (
				A4F00C1D2666A94A00A35F27 /* WelcomeView.swift */,
			);
			path = Welcome;
			sourceTree = "<group>";
		};
		A4F00C272666AA0A00A35F27 /* Forms */ = {
			isa = PBXGroup;
			children = (
				A45B67762668CE55000DE4ED /* Registration */,
				A4F00C302667991D00A35F27 /* Login */,
				A4F00C1F2666A96800A35F27 /* UserFormView.swift */,
			);
			path = Forms;
			sourceTree = "<group>";
		};
		A4F00C282666AB4500A35F27 /* Navigation */ = {
			isa = PBXGroup;
			children = (
				A4F00C2B2666B31F00A35F27 /* Root */,
				A4F00C2C2666B33A00A35F27 /* Tab */,
				A4F00C292666AB7E00A35F27 /* ViewRouter.swift */,
			);
			path = Navigation;
			sourceTree = "<group>";
		};
		A4F00C2B2666B31F00A35F27 /* Root */ = {
			isa = PBXGroup;
			children = (
				A4F00C172666A71000A35F27 /* RootView.swift */,
			);
			path = Root;
			sourceTree = "<group>";
		};
		A4F00C2C2666B33A00A35F27 /* Tab */ = {
			isa = PBXGroup;
			children = (
				A4F00C2D2666B36500A35F27 /* TabbedView.swift */,
			);
			path = Tab;
			sourceTree = "<group>";
		};
		A4F00C302667991D00A35F27 /* Login */ = {
			isa = PBXGroup;
			children = (
				A45B67742668CB21000DE4ED /* LoginView.swift */,
			);
			path = Login;
			sourceTree = "<group>";
		};
		A4F00C332667A96E00A35F27 /* Utils */ = {
			isa = PBXGroup;
			children = (
				A4F00C342667A98F00A35F27 /* Utils.swift */,
				A494B953266BE81E006F1CDA /* URLImage.swift */,
			);
			path = Utils;
			sourceTree = "<group>";
		};
		A4F00C362667B55C00A35F27 /* Data */ = {
			isa = PBXGroup;
			children = (
				A4F00C372667B57400A35F27 /* DataSource.swift */,
			);
			path = Data;
			sourceTree = "<group>";
		};
/* End PBXGroup section */

/* Begin PBXNativeTarget section */
		A449FC2C2666263C00D9CD47 /* VGSmasher */ = {
			isa = PBXNativeTarget;
			buildConfigurationList = A449FC3C2666263E00D9CD47 /* Build configuration list for PBXNativeTarget "VGSmasher" */;
			buildPhases = (
				A449FC292666263C00D9CD47 /* Sources */,
				A449FC2A2666263C00D9CD47 /* Frameworks */,
				A449FC2B2666263C00D9CD47 /* Resources */,
			);
			buildRules = (
			);
			dependencies = (
			);
			name = VGSmasher;
			packageProductDependencies = (
				A494B956266CF23D006F1CDA /* Alamofire */,
			);
			productName = VGSmasher;
			productReference = A449FC2D2666263C00D9CD47 /* VGSmasher.app */;
			productType = "com.apple.product-type.application";
		};
/* End PBXNativeTarget section */

/* Begin PBXProject section */
		A449FC252666263C00D9CD47 /* Project object */ = {
			isa = PBXProject;
			attributes = {
				LastSwiftUpdateCheck = 1250;
				LastUpgradeCheck = 1250;
				TargetAttributes = {
					A449FC2C2666263C00D9CD47 = {
						CreatedOnToolsVersion = 12.5;
					};
				};
			};
			buildConfigurationList = A449FC282666263C00D9CD47 /* Build configuration list for PBXProject "VGSmasher" */;
			compatibilityVersion = "Xcode 9.3";
			developmentRegion = en;
			hasScannedForEncodings = 0;
			knownRegions = (
				en,
				Base,
			);
			mainGroup = A449FC242666263C00D9CD47;
			packageReferences = (
				A494B955266CF23D006F1CDA /* XCRemoteSwiftPackageReference "Alamofire" */,
			);
			productRefGroup = A449FC2E2666263C00D9CD47 /* Products */;
			projectDirPath = "";
			projectRoot = "";
			targets = (
				A449FC2C2666263C00D9CD47 /* VGSmasher */,
			);
		};
/* End PBXProject section */

/* Begin PBXResourcesBuildPhase section */
		A449FC2B2666263C00D9CD47 /* Resources */ = {
			isa = PBXResourcesBuildPhase;
			buildActionMask = 2147483647;
			files = (
				A449FC382666263E00D9CD47 /* Preview Assets.xcassets in Resources */,
				A449FC352666263E00D9CD47 /* Assets.xcassets in Resources */,
			);
			runOnlyForDeploymentPostprocessing = 0;
		};
/* End PBXResourcesBuildPhase section */

/* Begin PBXSourcesBuildPhase section */
		A449FC292666263C00D9CD47 /* Sources */ = {
			isa = PBXSourcesBuildPhase;
			buildActionMask = 2147483647;
			files = (
				A4F00C2A2666AB7E00A35F27 /* ViewRouter.swift in Sources */,
				A4F00C202666A96800A35F27 /* UserFormView.swift in Sources */,
				A449FC332666263C00D9CD47 /* ContentView.swift in Sources */,
				A45B67782668CE6C000DE4ED /* RegistrationView.swift in Sources */,
				A4F00C242666A98D00A35F27 /* GameView.swift in Sources */,
				A449FC312666263C00D9CD47 /* VGSmasherApp.swift in Sources */,
				A4F00C262666AA0300A35F27 /* AccountView.swift in Sources */,
				A4F00C382667B57400A35F27 /* DataSource.swift in Sources */,
				A494B954266BE81E006F1CDA /* URLImage.swift in Sources */,
				A40EB3DB266932F1004116DC /* TopGamesView.swift in Sources */,
				A4F00C222666A98000A35F27 /* NewsView.swift in Sources */,
				A40EB3D926692D1D004116DC /* Models.swift in Sources */,
				A4F00C352667A98F00A35F27 /* Utils.swift in Sources */,
				A4F00C2E2666B36500A35F27 /* TabbedView.swift in Sources */,
				A45B67752668CB21000DE4ED /* LoginView.swift in Sources */,
				A4F00C182666A71000A35F27 /* RootView.swift in Sources */,
				A4F00C1E2666A94A00A35F27 /* WelcomeView.swift in Sources */,
			);
			runOnlyForDeploymentPostprocessing = 0;
		};
/* End PBXSourcesBuildPhase section */

/* Begin XCBuildConfiguration section */
		A449FC3A2666263E00D9CD47 /* Debug */ = {
			isa = XCBuildConfiguration;
			buildSettings = {
				ALWAYS_SEARCH_USER_PATHS = NO;
				CLANG_ANALYZER_NONNULL = YES;
				CLANG_ANALYZER_NUMBER_OBJECT_CONVERSION = YES_AGGRESSIVE;
				CLANG_CXX_LANGUAGE_STANDARD = "gnu++14";
				CLANG_CXX_LIBRARY = "libc++";
				CLANG_ENABLE_MODULES = YES;
				CLANG_ENABLE_OBJC_ARC = YES;
				CLANG_ENABLE_OBJC_WEAK = YES;
				CLANG_WARN_BLOCK_CAPTURE_AUTORELEASING = YES;
				CLANG_WARN_BOOL_CONVERSION = YES;
				CLANG_WARN_COMMA = YES;
				CLANG_WARN_CONSTANT_CONVERSION = YES;
				CLANG_WARN_DEPRECATED_OBJC_IMPLEMENTATIONS = YES;
				CLANG_WARN_DIRECT_OBJC_ISA_USAGE = YES_ERROR;
				CLANG_WARN_DOCUMENTATION_COMMENTS = YES;
				CLANG_WARN_EMPTY_BODY = YES;
				CLANG_WARN_ENUM_CONVERSION = YES;
				CLANG_WARN_INFINITE_RECURSION = YES;
				CLANG_WARN_INT_CONVERSION = YES;
				CLANG_WARN_NON_LITERAL_NULL_CONVERSION = YES;
				CLANG_WARN_OBJC_IMPLICIT_RETAIN_SELF = YES;
				CLANG_WARN_OBJC_LITERAL_CONVERSION = YES;
				CLANG_WARN_OBJC_ROOT_CLASS = YES_ERROR;
				CLANG_WARN_QUOTED_INCLUDE_IN_FRAMEWORK_HEADER = YES;
				CLANG_WARN_RANGE_LOOP_ANALYSIS = YES;
				CLANG_WARN_STRICT_PROTOTYPES = YES;
				CLANG_WARN_SUSPICIOUS_MOVE = YES;
				CLANG_WARN_UNGUARDED_AVAILABILITY = YES_AGGRESSIVE;
				CLANG_WARN_UNREACHABLE_CODE = YES;
				CLANG_WARN__DUPLICATE_METHOD_MATCH = YES;
				COPY_PHASE_STRIP = NO;
				DEBUG_INFORMATION_FORMAT = dwarf;
				ENABLE_STRICT_OBJC_MSGSEND = YES;
				ENABLE_TESTABILITY = YES;
				GCC_C_LANGUAGE_STANDARD = gnu11;
				GCC_DYNAMIC_NO_PIC = NO;
				GCC_NO_COMMON_BLOCKS = YES;
				GCC_OPTIMIZATION_LEVEL = 0;
				GCC_PREPROCESSOR_DEFINITIONS = (
					"DEBUG=1",
					"$(inherited)",
				);
				GCC_WARN_64_TO_32_BIT_CONVERSION = YES;
				GCC_WARN_ABOUT_RETURN_TYPE = YES_ERROR;
				GCC_WARN_UNDECLARED_SELECTOR = YES;
				GCC_WARN_UNINITIALIZED_AUTOS = YES_AGGRESSIVE;
				GCC_WARN_UNUSED_FUNCTION = YES;
				GCC_WARN_UNUSED_VARIABLE = YES;
				IPHONEOS_DEPLOYMENT_TARGET = 14.5;
				MTL_ENABLE_DEBUG_INFO = INCLUDE_SOURCE;
				MTL_FAST_MATH = YES;
				ONLY_ACTIVE_ARCH = YES;
				SDKROOT = iphoneos;
				SWIFT_ACTIVE_COMPILATION_CONDITIONS = DEBUG;
				SWIFT_OPTIMIZATION_LEVEL = "-Onone";
			};
			name = Debug;
		};
		A449FC3B2666263E00D9CD47 /* Release */ = {
			isa = XCBuildConfiguration;
			buildSettings = {
				ALWAYS_SEARCH_USER_PATHS = NO;
				CLANG_ANALYZER_NONNULL = YES;
				CLANG_ANALYZER_NUMBER_OBJECT_CONVERSION = YES_AGGRESSIVE;
				CLANG_CXX_LANGUAGE_STANDARD = "gnu++14";
				CLANG_CXX_LIBRARY = "libc++";
				CLANG_ENABLE_MODULES = YES;
				CLANG_ENABLE_OBJC_ARC = YES;
				CLANG_ENABLE_OBJC_WEAK = YES;
				CLANG_WARN_BLOCK_CAPTURE_AUTORELEASING = YES;
				CLANG_WARN_BOOL_CONVERSION = YES;
				CLANG_WARN_COMMA = YES;
				CLANG_WARN_CONSTANT_CONVERSION = YES;
				CLANG_WARN_DEPRECATED_OBJC_IMPLEMENTATIONS = YES;
				CLANG_WARN_DIRECT_OBJC_ISA_USAGE = YES_ERROR;
				CLANG_WARN_DOCUMENTATION_COMMENTS = YES;
				CLANG_WARN_EMPTY_BODY = YES;
				CLANG_WARN_ENUM_CONVERSION = YES;
				CLANG_WARN_INFINITE_RECURSION = YES;
				CLANG_WARN_INT_CONVERSION = YES;
				CLANG_WARN_NON_LITERAL_NULL_CONVERSION = YES;
				CLANG_WARN_OBJC_IMPLICIT_RETAIN_SELF = YES;
				CLANG_WARN_OBJC_LITERAL_CONVERSION = YES;
				CLANG_WARN_OBJC_ROOT_CLASS = YES_ERROR;
				CLANG_WARN_QUOTED_INCLUDE_IN_FRAMEWORK_HEADER = YES;
				CLANG_WARN_RANGE_LOOP_ANALYSIS = YES;
				CLANG_WARN_STRICT_PROTOTYPES = YES;
				CLANG_WARN_SUSPICIOUS_MOVE = YES;
				CLANG_WARN_UNGUARDED_AVAILABILITY = YES_AGGRESSIVE;
				CLANG_WARN_UNREACHABLE_CODE = YES;
				CLANG_WARN__DUPLICATE_METHOD_MATCH = YES;
				COPY_PHASE_STRIP = NO;
				DEBUG_INFORMATION_FORMAT = "dwarf-with-dsym";
				ENABLE_NS_ASSERTIONS = NO;
				ENABLE_STRICT_OBJC_MSGSEND = YES;
				GCC_C_LANGUAGE_STANDARD = gnu11;
				GCC_NO_COMMON_BLOCKS = YES;
				GCC_WARN_64_TO_32_BIT_CONVERSION = YES;
				GCC_WARN_ABOUT_RETURN_TYPE = YES_ERROR;
				GCC_WARN_UNDECLARED_SELECTOR = YES;
				GCC_WARN_UNINITIALIZED_AUTOS = YES_AGGRESSIVE;
				GCC_WARN_UNUSED_FUNCTION = YES;
				GCC_WARN_UNUSED_VARIABLE = YES;
				IPHONEOS_DEPLOYMENT_TARGET = 14.5;
				MTL_ENABLE_DEBUG_INFO = NO;
				MTL_FAST_MATH = YES;
				SDKROOT = iphoneos;
				SWIFT_COMPILATION_MODE = wholemodule;
				SWIFT_OPTIMIZATION_LEVEL = "-O";
				VALIDATE_PRODUCT = YES;
			};
			name = Release;
		};
		A449FC3D2666263E00D9CD47 /* Debug */ = {
			isa = XCBuildConfiguration;
			buildSettings = {
				ASSETCATALOG_COMPILER_APPICON_NAME = AppIcon;
				ASSETCATALOG_COMPILER_GLOBAL_ACCENT_COLOR_NAME = AccentColor;
				CODE_SIGN_STYLE = Automatic;
				DEVELOPMENT_ASSET_PATHS = "\"VGSmasher/Preview Content\"";
				DEVELOPMENT_TEAM = PC5AW37394;
				ENABLE_PREVIEWS = YES;
				INFOPLIST_FILE = VGSmasher/Info.plist;
				IPHONEOS_DEPLOYMENT_TARGET = 14.0;
				LD_RUNPATH_SEARCH_PATHS = (
					"$(inherited)",
					"@executable_path/Frameworks",
				);
				PRODUCT_BUNDLE_IDENTIFIER = com.figueroa.VGSmasher;
				PRODUCT_NAME = "$(TARGET_NAME)";
				SWIFT_VERSION = 5.0;
				TARGETED_DEVICE_FAMILY = "1,2";
			};
			name = Debug;
		};
		A449FC3E2666263E00D9CD47 /* Release */ = {
			isa = XCBuildConfiguration;
			buildSettings = {
				ASSETCATALOG_COMPILER_APPICON_NAME = AppIcon;
				ASSETCATALOG_COMPILER_GLOBAL_ACCENT_COLOR_NAME = AccentColor;
				CODE_SIGN_STYLE = Automatic;
				DEVELOPMENT_ASSET_PATHS = "\"VGSmasher/Preview Content\"";
				DEVELOPMENT_TEAM = PC5AW37394;
				ENABLE_PREVIEWS = YES;
				INFOPLIST_FILE = VGSmasher/Info.plist;
				IPHONEOS_DEPLOYMENT_TARGET = 14.0;
				LD_RUNPATH_SEARCH_PATHS = (
					"$(inherited)",
					"@executable_path/Frameworks",
				);
				PRODUCT_BUNDLE_IDENTIFIER = com.figueroa.VGSmasher;
				PRODUCT_NAME = "$(TARGET_NAME)";
				SWIFT_VERSION = 5.0;
				TARGETED_DEVICE_FAMILY = "1,2";
			};
			name = Release;
		};
/* End XCBuildConfiguration section */

/* Begin XCConfigurationList section */
		A449FC282666263C00D9CD47 /* Build configuration list for PBXProject "VGSmasher" */ = {
			isa = XCConfigurationList;
			buildConfigurations = (
				A449FC3A2666263E00D9CD47 /* Debug */,
				A449FC3B2666263E00D9CD47 /* Release */,
			);
			defaultConfigurationIsVisible = 0;
			defaultConfigurationName = Release;
		};
		A449FC3C2666263E00D9CD47 /* Build configuration list for PBXNativeTarget "VGSmasher" */ = {
			isa = XCConfigurationList;
			buildConfigurations = (
				A449FC3D2666263E00D9CD47 /* Debug */,
				A449FC3E2666263E00D9CD47 /* Release */,
			);
			defaultConfigurationIsVisible = 0;
			defaultConfigurationName = Release;
		};
/* End XCConfigurationList section */

/* Begin XCRemoteSwiftPackageReference section */
		A494B955266CF23D006F1CDA /* XCRemoteSwiftPackageReference "Alamofire" */ = {
			isa = XCRemoteSwiftPackageReference;
			repositoryURL = "https://github.com/Alamofire/Alamofire.git";
			requirement = {
				kind = upToNextMajorVersion;
				minimumVersion = 5.4.3;
			};
		};
/* End XCRemoteSwiftPackageReference section */

/* Begin XCSwiftPackageProductDependency section */
		A494B956266CF23D006F1CDA /* Alamofire */ = {
			isa = XCSwiftPackageProductDependency;
			package = A494B955266CF23D006F1CDA /* XCRemoteSwiftPackageReference "Alamofire" */;
			productName = Alamofire;
		};
/* End XCSwiftPackageProductDependency section */
	};
	rootObject = A449FC252666263C00D9CD47 /* Project object */;
}
